// !$*UTF8*$!
{
	archiveVersion = 1;
	classes = {
	};
	objectVersion = 55;
	objects = {

/* Begin PBXBuildFile section */
		4086265228C61EA6005367C6 /* FeedViewController.swift in Sources */ = {isa = PBXBuildFile; fileRef = 4086265128C61EA6005367C6 /* FeedViewController.swift */; };
		4086265428C61EB6005367C6 /* ShareViewController.swift in Sources */ = {isa = PBXBuildFile; fileRef = 4086265328C61EB6005367C6 /* ShareViewController.swift */; };
		4086265628C61EC7005367C6 /* SettingsViewController.swift in Sources */ = {isa = PBXBuildFile; fileRef = 4086265528C61EC7005367C6 /* SettingsViewController.swift */; };
		4086265828C62DAD005367C6 /* AlertCreator.swift in Sources */ = {isa = PBXBuildFile; fileRef = 4086265728C62DAD005367C6 /* AlertCreator.swift */; };
		40F87F0C28C389FA0006376F /* AppDelegate.swift in Sources */ = {isa = PBXBuildFile; fileRef = 40F87F0B28C389FA0006376F /* AppDelegate.swift */; };
		40F87F0E28C389FA0006376F /* SceneDelegate.swift in Sources */ = {isa = PBXBuildFile; fileRef = 40F87F0D28C389FA0006376F /* SceneDelegate.swift */; };
		40F87F1028C389FA0006376F /* ViewController.swift in Sources */ = {isa = PBXBuildFile; fileRef = 40F87F0F28C389FA0006376F /* ViewController.swift */; };
		40F87F1328C389FA0006376F /* Main.storyboard in Resources */ = {isa = PBXBuildFile; fileRef = 40F87F1128C389FA0006376F /* Main.storyboard */; };
		40F87F1528C389FC0006376F /* Assets.xcassets in Resources */ = {isa = PBXBuildFile; fileRef = 40F87F1428C389FC0006376F /* Assets.xcassets */; };
		40F87F1828C389FC0006376F /* LaunchScreen.storyboard in Resources */ = {isa = PBXBuildFile; fileRef = 40F87F1628C389FC0006376F /* LaunchScreen.storyboard */; };
		40F87F2028C38CCF0006376F /* GoogleService-Info.plist in Resources */ = {isa = PBXBuildFile; fileRef = 40F87F1F28C38CCF0006376F /* GoogleService-Info.plist */; };
		4FC39C68FBF2D9D0D151F98E /* Pods_SharePhotos.framework in Frameworks */ = {isa = PBXBuildFile; fileRef = 87B0AFBE168C6C1D44DE274B /* Pods_SharePhotos.framework */; };
/* End PBXBuildFile section */

/* Begin PBXFileReference section */
		4086265128C61EA6005367C6 /* FeedViewController.swift */ = {isa = PBXFileReference; lastKnownFileType = sourcecode.swift; path = FeedViewController.swift; sourceTree = "<group>"; };
		4086265328C61EB6005367C6 /* ShareViewController.swift */ = {isa = PBXFileReference; lastKnownFileType = sourcecode.swift; path = ShareViewController.swift; sourceTree = "<group>"; };
		4086265528C61EC7005367C6 /* SettingsViewController.swift */ = {isa = PBXFileReference; lastKnownFileType = sourcecode.swift; path = SettingsViewController.swift; sourceTree = "<group>"; };
		4086265728C62DAD005367C6 /* AlertCreator.swift */ = {isa = PBXFileReference; lastKnownFileType = sourcecode.swift; path = AlertCreator.swift; sourceTree = "<group>"; };
		40F87F0828C389FA0006376F /* SharePhotos.app */ = {isa = PBXFileReference; explicitFileType = wrapper.application; includeInIndex = 0; path = SharePhotos.app; sourceTree = BUILT_PRODUCTS_DIR; };
		40F87F0B28C389FA0006376F /* AppDelegate.swift */ = {isa = PBXFileReference; lastKnownFileType = sourcecode.swift; path = AppDelegate.swift; sourceTree = "<group>"; };
		40F87F0D28C389FA0006376F /* SceneDelegate.swift */ = {isa = PBXFileReference; lastKnownFileType = sourcecode.swift; path = SceneDelegate.swift; sourceTree = "<group>"; };
		40F87F0F28C389FA0006376F /* ViewController.swift */ = {isa = PBXFileReference; lastKnownFileType = sourcecode.swift; path = ViewController.swift; sourceTree = "<group>"; };
		40F87F1228C389FA0006376F /* Base */ = {isa = PBXFileReference; lastKnownFileType = file.storyboard; name = Base; path = Base.lproj/Main.storyboard; sourceTree = "<group>"; };
		40F87F1428C389FC0006376F /* Assets.xcassets */ = {isa = PBXFileReference; lastKnownFileType = folder.assetcatalog; path = Assets.xcassets; sourceTree = "<group>"; };
		40F87F1728C389FC0006376F /* Base */ = {isa = PBXFileReference; lastKnownFileType = file.storyboard; name = Base; path = Base.lproj/LaunchScreen.storyboard; sourceTree = "<group>"; };
		40F87F1928C389FC0006376F /* Info.plist */ = {isa = PBXFileReference; lastKnownFileType = text.plist.xml; path = Info.plist; sourceTree = "<group>"; };
		40F87F1F28C38CCF0006376F /* GoogleService-Info.plist */ = {isa = PBXFileReference; fileEncoding = 4; lastKnownFileType = text.plist.xml; path = "GoogleService-Info.plist"; sourceTree = "<group>"; };
		4A4B2767309D4A4B0E9A6794 /* Pods-SharePhotos.debug.xcconfig */ = {isa = PBXFileReference; includeInIndex = 1; lastKnownFileType = text.xcconfig; name = "Pods-SharePhotos.debug.xcconfig"; path = "Target Support Files/Pods-SharePhotos/Pods-SharePhotos.debug.xcconfig"; sourceTree = "<group>"; };
		87B0AFBE168C6C1D44DE274B /* Pods_SharePhotos.framework */ = {isa = PBXFileReference; explicitFileType = wrapper.framework; includeInIndex = 0; path = Pods_SharePhotos.framework; sourceTree = BUILT_PRODUCTS_DIR; };
		DD9DCED0CCC9834D7BBCF752 /* Pods-SharePhotos.release.xcconfig */ = {isa = PBXFileReference; includeInIndex = 1; lastKnownFileType = text.xcconfig; name = "Pods-SharePhotos.release.xcconfig"; path = "Target Support Files/Pods-SharePhotos/Pods-SharePhotos.release.xcconfig"; sourceTree = "<group>"; };
/* End PBXFileReference section */

/* Begin PBXFrameworksBuildPhase section */
		40F87F0528C389FA0006376F /* Frameworks */ = {
			isa = PBXFrameworksBuildPhase;
			buildActionMask = 2147483647;
			files = (
				4FC39C68FBF2D9D0D151F98E /* Pods_SharePhotos.framework in Frameworks */,
			);
			runOnlyForDeploymentPostprocessing = 0;
		};
/* End PBXFrameworksBuildPhase section */

/* Begin PBXGroup section */
		0DA89E565A2134A45D5EC1C4 /* Frameworks */ = {
			isa = PBXGroup;
			children = (
				87B0AFBE168C6C1D44DE274B /* Pods_SharePhotos.framework */,
			);
			name = Frameworks;
			sourceTree = "<group>";
		};
		37E30E43D31F742C8A3A91C7 /* Pods */ = {
			isa = PBXGroup;
			children = (
				4A4B2767309D4A4B0E9A6794 /* Pods-SharePhotos.debug.xcconfig */,
				DD9DCED0CCC9834D7BBCF752 /* Pods-SharePhotos.release.xcconfig */,
			);
			path = Pods;
			sourceTree = "<group>";
		};
		40F87EFF28C389FA0006376F = {
			isa = PBXGroup;
			children = (
				40F87F0A28C389FA0006376F /* SharePhotos */,
				40F87F0928C389FA0006376F /* Products */,
				37E30E43D31F742C8A3A91C7 /* Pods */,
				0DA89E565A2134A45D5EC1C4 /* Frameworks */,
			);
			sourceTree = "<group>";
		};
		40F87F0928C389FA0006376F /* Products */ = {
			isa = PBXGroup;
			children = (
				40F87F0828C389FA0006376F /* SharePhotos.app */,
			);
			name = Products;
			sourceTree = "<group>";
		};
		40F87F0A28C389FA0006376F /* SharePhotos */ = {
			isa = PBXGroup;
			children = (
				40F87F0B28C389FA0006376F /* AppDelegate.swift */,
				40F87F0D28C389FA0006376F /* SceneDelegate.swift */,
				40F87F0F28C389FA0006376F /* ViewController.swift */,
				4086265128C61EA6005367C6 /* FeedViewController.swift */,
				4086265328C61EB6005367C6 /* ShareViewController.swift */,
				4086265528C61EC7005367C6 /* SettingsViewController.swift */,
				4086265728C62DAD005367C6 /* AlertCreator.swift */,
				40F87F1128C389FA0006376F /* Main.storyboard */,
				40F87F1428C389FC0006376F /* Assets.xcassets */,
				40F87F1628C389FC0006376F /* LaunchScreen.storyboard */,
				40F87F1928C389FC0006376F /* Info.plist */,
				40F87F1F28C38CCF0006376F /* GoogleService-Info.plist */,
			);
			path = SharePhotos;
			sourceTree = "<group>";
		};
/* End PBXGroup section */

/* Begin PBXNativeTarget section */
		40F87F0728C389FA0006376F /* SharePhotos */ = {
			isa = PBXNativeTarget;
			buildConfigurationList = 40F87F1C28C389FC0006376F /* Build configuration list for PBXNativeTarget "SharePhotos" */;
			buildPhases = (
				04145383473F5521AB97F0CB /* [CP] Check Pods Manifest.lock */,
				40F87F0428C389FA0006376F /* Sources */,
				40F87F0528C389FA0006376F /* Frameworks */,
				40F87F0628C389FA0006376F /* Resources */,
				4720A5F59C78044D707E1DA3 /* [CP] Embed Pods Frameworks */,
			);
			buildRules = (
			);
			dependencies = (
			);
			name = SharePhotos;
			productName = SharePhotos;
			productReference = 40F87F0828C389FA0006376F /* SharePhotos.app */;
			productType = "com.apple.product-type.application";
		};
/* End PBXNativeTarget section */

/* Begin PBXProject section */
		40F87F0028C389FA0006376F /* Project object */ = {
			isa = PBXProject;
			attributes = {
				BuildIndependentTargetsInParallel = 1;
				LastSwiftUpdateCheck = 1340;
				LastUpgradeCheck = 1340;
				TargetAttributes = {
					40F87F0728C389FA0006376F = {
						CreatedOnToolsVersion = 13.4.1;
					};
				};
			};
			buildConfigurationList = 40F87F0328C389FA0006376F /* Build configuration list for PBXProject "SharePhotos" */;
			compatibilityVersion = "Xcode 13.0";
			developmentRegion = en;
			hasScannedForEncodings = 0;
			knownRegions = (
				en,
				Base,
			);
			mainGroup = 40F87EFF28C389FA0006376F;
			productRefGroup = 40F87F0928C389FA0006376F /* Products */;
			projectDirPath = "";
			projectRoot = "";
			targets = (
				40F87F0728C389FA0006376F /* SharePhotos */,
			);
		};
/* End PBXProject section */

/* Begin PBXResourcesBuildPhase section */
		40F87F0628C389FA0006376F /* Resources */ = {
			isa = PBXResourcesBuildPhase;
			buildActionMask = 2147483647;
			files = (
				40F87F1828C389FC0006376F /* LaunchScreen.storyboard in Resources */,
				40F87F2028C38CCF0006376F /* GoogleService-Info.plist in Resources */,
				40F87F1528C389FC0006376F /* Assets.xcassets in Resources */,
				40F87F1328C389FA0006376F /* Main.storyboard in Resources */,
			);
			runOnlyForDeploymentPostprocessing = 0;
		};
/* End PBXResourcesBuildPhase section */

/* Begin PBXShellScriptBuildPhase section */
		04145383473F5521AB97F0CB /* [CP] Check Pods Manifest.lock */ = {
			isa = PBXShellScriptBuildPhase;
			buildActionMask = 2147483647;
			files = (
			);
			inputFileListPaths = (
			);
			inputPaths = (
				"${PODS_PODFILE_DIR_PATH}/Podfile.lock",
				"${PODS_ROOT}/Manifest.lock",
			);
			name = "[CP] Check Pods Manifest.lock";
			outputFileListPaths = (
			);
			outputPaths = (
				"$(DERIVED_FILE_DIR)/Pods-SharePhotos-checkManifestLockResult.txt",
			);
			runOnlyForDeploymentPostprocessing = 0;
			shellPath = /bin/sh;
			shellScript = "diff \"${PODS_PODFILE_DIR_PATH}/Podfile.lock\" \"${PODS_ROOT}/Manifest.lock\" > /dev/null\nif [ $? != 0 ] ; then\n    # print error to STDERR\n    echo \"error: The sandbox is not in sync with the Podfile.lock. Run 'pod install' or update your CocoaPods installation.\" >&2\n    exit 1\nfi\n# This output is used by Xcode 'outputs' to avoid re-running this script phase.\necho \"SUCCESS\" > \"${SCRIPT_OUTPUT_FILE_0}\"\n";
			showEnvVarsInLog = 0;
		};
		4720A5F59C78044D707E1DA3 /* [CP] Embed Pods Frameworks */ = {
			isa = PBXShellScriptBuildPhase;
			buildActionMask = 2147483647;
			files = (
			);
			inputFileListPaths = (
				"${PODS_ROOT}/Target Support Files/Pods-SharePhotos/Pods-SharePhotos-frameworks-${CONFIGURATION}-input-files.xcfilelist",
			);
			name = "[CP] Embed Pods Frameworks";
			outputFileListPaths = (
				"${PODS_ROOT}/Target Support Files/Pods-SharePhotos/Pods-SharePhotos-frameworks-${CONFIGURATION}-output-files.xcfilelist",
			);
			runOnlyForDeploymentPostprocessing = 0;
			shellPath = /bin/sh;
			shellScript = "\"${PODS_ROOT}/Target Support Files/Pods-SharePhotos/Pods-SharePhotos-frameworks.sh\"\n";
			showEnvVarsInLog = 0;
		};
/* End PBXShellScriptBuildPhase section */

/* Begin PBXSourcesBuildPhase section */
		40F87F0428C389FA0006376F /* Sources */ = {
			isa = PBXSourcesBuildPhase;
			buildActionMask = 2147483647;
			files = (
				40F87F1028C389FA0006376F /* ViewController.swift in Sources */,
				40F87F0C28C389FA0006376F /* AppDelegate.swift in Sources */,
				4086265828C62DAD005367C6 /* AlertCreator.swift in Sources */,
				4086265428C61EB6005367C6 /* ShareViewController.swift in Sources */,
				4086265228C61EA6005367C6 /* FeedViewController.swift in Sources */,
				40F87F0E28C389FA0006376F /* SceneDelegate.swift in Sources */,
				4086265628C61EC7005367C6 /* SettingsViewController.swift in Sources */,
			);
			runOnlyForDeploymentPostprocessing = 0;
		};
/* End PBXSourcesBuildPhase section */

/* Begin PBXVariantGroup section */
		40F87F1128C389FA0006376F /* Main.storyboard */ = {
			isa = PBXVariantGroup;
			children = (
				40F87F1228C389FA0006376F /* Base */,
			);
			name = Main.storyboard;
			sourceTree = "<group>";
		};
		40F87F1628C389FC0006376F /* LaunchScreen.storyboard */ = {
			isa = PBXVariantGroup;
			children = (
				40F87F1728C389FC0006376F /* Base */,
			);
			name = LaunchScreen.storyboard;
			sourceTree = "<group>";
		};
/* End PBXVariantGroup section */

/* Begin XCBuildConfiguration section */
		40F87F1A28C389FC0006376F /* Debug */ = {
			isa = XCBuildConfiguration;
			buildSettings = {
				ALWAYS_SEARCH_USER_PATHS = NO;
				CLANG_ANALYZER_NONNULL = YES;
				CLANG_ANALYZER_NUMBER_OBJECT_CONVERSION = YES_AGGRESSIVE;
				CLANG_CXX_LANGUAGE_STANDARD = "gnu++17";
				CLANG_ENABLE_MODULES = YES;
				CLANG_ENABLE_OBJC_ARC = YES;
				CLANG_ENABLE_OBJC_WEAK = YES;
				CLANG_WARN_BLOCK_CAPTURE_AUTORELEASING = YES;
				CLANG_WARN_BOOL_CONVERSION = YES;
				CLANG_WARN_COMMA = YES;
				CLANG_WARN_CONSTANT_CONVERSION = YES;
				CLANG_WARN_DEPRECATED_OBJC_IMPLEMENTATIONS = YES;
				CLANG_WARN_DIRECT_OBJC_ISA_USAGE = YES_ERROR;
				CLANG_WARN_DOCUMENTATION_COMMENTS = YES;
				CLANG_WARN_EMPTY_BODY = YES;
				CLANG_WARN_ENUM_CONVERSION = YES;
				CLANG_WARN_INFINITE_RECURSION = YES;
				CLANG_WARN_INT_CONVERSION = YES;
				CLANG_WARN_NON_LITERAL_NULL_CONVERSION = YES;
				CLANG_WARN_OBJC_IMPLICIT_RETAIN_SELF = YES;
				CLANG_WARN_OBJC_LITERAL_CONVERSION = YES;
				CLANG_WARN_OBJC_ROOT_CLASS = YES_ERROR;
				CLANG_WARN_QUOTED_INCLUDE_IN_FRAMEWORK_HEADER = YES;
				CLANG_WARN_RANGE_LOOP_ANALYSIS = YES;
				CLANG_WARN_STRICT_PROTOTYPES = YES;
				CLANG_WARN_SUSPICIOUS_MOVE = YES;
				CLANG_WARN_UNGUARDED_AVAILABILITY = YES_AGGRESSIVE;
				CLANG_WARN_UNREACHABLE_CODE = YES;
				CLANG_WARN__DUPLICATE_METHOD_MATCH = YES;
				COPY_PHASE_STRIP = NO;
				DEBUG_INFORMATION_FORMAT = dwarf;
				ENABLE_STRICT_OBJC_MSGSEND = YES;
				ENABLE_TESTABILITY = YES;
				GCC_C_LANGUAGE_STANDARD = gnu11;
				GCC_DYNAMIC_NO_PIC = NO;
				GCC_NO_COMMON_BLOCKS = YES;
				GCC_OPTIMIZATION_LEVEL = 0;
				GCC_PREPROCESSOR_DEFINITIONS = (
					"DEBUG=1",
					"$(inherited)",
				);
				GCC_WARN_64_TO_32_BIT_CONVERSION = YES;
				GCC_WARN_ABOUT_RETURN_TYPE = YES_ERROR;
				GCC_WARN_UNDECLARED_SELECTOR = YES;
				GCC_WARN_UNINITIALIZED_AUTOS = YES_AGGRESSIVE;
				GCC_WARN_UNUSED_FUNCTION = YES;
				GCC_WARN_UNUSED_VARIABLE = YES;
				IPHONEOS_DEPLOYMENT_TARGET = 15.5;
				MTL_ENABLE_DEBUG_INFO = INCLUDE_SOURCE;
				MTL_FAST_MATH = YES;
				ONLY_ACTIVE_ARCH = YES;
				SDKROOT = iphoneos;
				SWIFT_ACTIVE_COMPILATION_CONDITIONS = DEBUG;
				SWIFT_OPTIMIZATION_LEVEL = "-Onone";
			};
			name = Debug;
		};
		40F87F1B28C389FC0006376F /* Release */ = {
			isa = XCBuildConfiguration;
			buildSettings = {
				ALWAYS_SEARCH_USER_PATHS = NO;
				CLANG_ANALYZER_NONNULL = YES;
				CLANG_ANALYZER_NUMBER_OBJECT_CONVERSION = YES_AGGRESSIVE;
				CLANG_CXX_LANGUAGE_STANDARD = "gnu++17";
				CLANG_ENABLE_MODULES = YES;
				CLANG_ENABLE_OBJC_ARC = YES;
				CLANG_ENABLE_OBJC_WEAK = YES;
				CLANG_WARN_BLOCK_CAPTURE_AUTORELEASING = YES;
				CLANG_WARN_BOOL_CONVERSION = YES;
				CLANG_WARN_COMMA = YES;
				CLANG_WARN_CONSTANT_CONVERSION = YES;
				CLANG_WARN_DEPRECATED_OBJC_IMPLEMENTATIONS = YES;
				CLANG_WARN_DIRECT_OBJC_ISA_USAGE = YES_ERROR;
				CLANG_WARN_DOCUMENTATION_COMMENTS = YES;
				CLANG_WARN_EMPTY_BODY = YES;
				CLANG_WARN_ENUM_CONVERSION = YES;
				CLANG_WARN_INFINITE_RECURSION = YES;
				CLANG_WARN_INT_CONVERSION = YES;
				CLANG_WARN_NON_LITERAL_NULL_CONVERSION = YES;
				CLANG_WARN_OBJC_IMPLICIT_RETAIN_SELF = YES;
				CLANG_WARN_OBJC_LITERAL_CONVERSION = YES;
				CLANG_WARN_OBJC_ROOT_CLASS = YES_ERROR;
				CLANG_WARN_QUOTED_INCLUDE_IN_FRAMEWORK_HEADER = YES;
				CLANG_WARN_RANGE_LOOP_ANALYSIS = YES;
				CLANG_WARN_STRICT_PROTOTYPES = YES;
				CLANG_WARN_SUSPICIOUS_MOVE = YES;
				CLANG_WARN_UNGUARDED_AVAILABILITY = YES_AGGRESSIVE;
				CLANG_WARN_UNREACHABLE_CODE = YES;
				CLANG_WARN__DUPLICATE_METHOD_MATCH = YES;
				COPY_PHASE_STRIP = NO;
				DEBUG_INFORMATION_FORMAT = "dwarf-with-dsym";
				ENABLE_NS_ASSERTIONS = NO;
				ENABLE_STRICT_OBJC_MSGSEND = YES;
				GCC_C_LANGUAGE_STANDARD = gnu11;
				GCC_NO_COMMON_BLOCKS = YES;
				GCC_WARN_64_TO_32_BIT_CONVERSION = YES;
				GCC_WARN_ABOUT_RETURN_TYPE = YES_ERROR;
				GCC_WARN_UNDECLARED_SELECTOR = YES;
				GCC_WARN_UNINITIALIZED_AUTOS = YES_AGGRESSIVE;
				GCC_WARN_UNUSED_FUNCTION = YES;
				GCC_WARN_UNUSED_VARIABLE = YES;
				IPHONEOS_DEPLOYMENT_TARGET = 15.5;
				MTL_ENABLE_DEBUG_INFO = NO;
				MTL_FAST_MATH = YES;
				SDKROOT = iphoneos;
				SWIFT_COMPILATION_MODE = wholemodule;
				SWIFT_OPTIMIZATION_LEVEL = "-O";
				VALIDATE_PRODUCT = YES;
			};
			name = Release;
		};
		40F87F1D28C389FC0006376F /* Debug */ = {
			isa = XCBuildConfiguration;
			baseConfigurationReference = 4A4B2767309D4A4B0E9A6794 /* Pods-SharePhotos.debug.xcconfig */;
			buildSettings = {
				ASSETCATALOG_COMPILER_APPICON_NAME = AppIcon;
				ASSETCATALOG_COMPILER_GLOBAL_ACCENT_COLOR_NAME = AccentColor;
				CODE_SIGN_STYLE = Automatic;
				CURRENT_PROJECT_VERSION = 1;
				DEVELOPMENT_TEAM = 32UYWBQW54;
				GENERATE_INFOPLIST_FILE = YES;
				INFOPLIST_FILE = SharePhotos/Info.plist;
				INFOPLIST_KEY_UIApplicationSupportsIndirectInputEvents = YES;
				INFOPLIST_KEY_UILaunchStoryboardName = LaunchScreen;
				INFOPLIST_KEY_UIMainStoryboardFile = Main;
				INFOPLIST_KEY_UISupportedInterfaceOrientations_iPad = "UIInterfaceOrientationPortrait UIInterfaceOrientationPortraitUpsideDown UIInterfaceOrientationLandscapeLeft UIInterfaceOrientationLandscapeRight";
				INFOPLIST_KEY_UISupportedInterfaceOrientations_iPhone = "UIInterfaceOrientationPortrait UIInterfaceOrientationLandscapeLeft UIInterfaceOrientationLandscapeRight";
				LD_RUNPATH_SEARCH_PATHS = (
					"$(inherited)",
					"@executable_path/Frameworks",
				);
				MARKETING_VERSION = 1.0;
				PRODUCT_BUNDLE_IDENTIFIER = hasanuysal.SharePhotos;
				PRODUCT_NAME = "$(TARGET_NAME)";
				SWIFT_EMIT_LOC_STRINGS = YES;
				SWIFT_VERSION = 5.0;
				TARGETED_DEVICE_FAMILY = "1,2";
			};
			name = Debug;
		};
		40F87F1E28C389FC0006376F /* Release */ = {
			isa = XCBuildConfiguration;
			baseConfigurationReference = DD9DCED0CCC9834D7BBCF752 /* Pods-SharePhotos.release.xcconfig */;
			buildSettings = {
				ASSETCATALOG_COMPILER_APPICON_NAME = AppIcon;
				ASSETCATALOG_COMPILER_GLOBAL_ACCENT_COLOR_NAME = AccentColor;
				CODE_SIGN_STYLE = Automatic;
				CURRENT_PROJECT_VERSION = 1;
				DEVELOPMENT_TEAM = 32UYWBQW54;
				GENERATE_INFOPLIST_FILE = YES;
				INFOPLIST_FILE = SharePhotos/Info.plist;
				INFOPLIST_KEY_UIApplicationSupportsIndirectInputEvents = YES;
				INFOPLIST_KEY_UILaunchStoryboardName = LaunchScreen;
				INFOPLIST_KEY_UIMainStoryboardFile = Main;
				INFOPLIST_KEY_UISupportedInterfaceOrientations_iPad = "UIInterfaceOrientationPortrait UIInterfaceOrientationPortraitUpsideDown UIInterfaceOrientationLandscapeLeft UIInterfaceOrientationLandscapeRight";
				INFOPLIST_KEY_UISupportedInterfaceOrientations_iPhone = "UIInterfaceOrientationPortrait UIInterfaceOrientationLandscapeLeft UIInterfaceOrientationLandscapeRight";
				LD_RUNPATH_SEARCH_PATHS = (
					"$(inherited)",
					"@executable_path/Frameworks",
				);
				MARKETING_VERSION = 1.0;
				PRODUCT_BUNDLE_IDENTIFIER = hasanuysal.SharePhotos;
				PRODUCT_NAME = "$(TARGET_NAME)";
				SWIFT_EMIT_LOC_STRINGS = YES;
				SWIFT_VERSION = 5.0;
				TARGETED_DEVICE_FAMILY = "1,2";
			};
			name = Release;
		};
/* End XCBuildConfiguration section */

/* Begin XCConfigurationList section */
		40F87F0328C389FA0006376F /* Build configuration list for PBXProject "SharePhotos" */ = {
			isa = XCConfigurationList;
			buildConfigurations = (
				40F87F1A28C389FC0006376F /* Debug */,
				40F87F1B28C389FC0006376F /* Release */,
			);
			defaultConfigurationIsVisible = 0;
			defaultConfigurationName = Release;
		};
		40F87F1C28C389FC0006376F /* Build configuration list for PBXNativeTarget "SharePhotos" */ = {
			isa = XCConfigurationList;
			buildConfigurations = (
				40F87F1D28C389FC0006376F /* Debug */,
				40F87F1E28C389FC0006376F /* Release */,
			);
			defaultConfigurationIsVisible = 0;
			defaultConfigurationName = Release;
		};
/* End XCConfigurationList section */
	};
	rootObject = 40F87F0028C389FA0006376F /* Project object */;
}
